
Microsoft Visual Studio Solution File, Format Version 12.00
# Visual Studio 15
VisualStudioVersion = 15.0.28307.1231
MinimumVisualStudioVersion = 10.0.40219.1
Project("{FAE04EC0-301F-11D3-BF4B-00C04F79EFBC}") = "Desi Hesaplama.Android", "App4\App4.Android\Desi Hesaplama.Android.csproj", "{498F2323-6A31-447F-93FF-BB18A5159060}"
EndProject
Project("{FAE04EC0-301F-11D3-BF4B-00C04F79EFBC}") = "App4.iOS", "App4\App4.iOS\App4.iOS.csproj", "{B4EE7EF5-FD0B-4DED-9B1E-991EE8BAE9C1}"
EndProject
Project("{FAE04EC0-301F-11D3-BF4B-00C04F79EFBC}") = "Desi Hesapla", "App4\App4\Desi Hesapla.csproj", "{B356D90D-6927-4446-A8C2-8F7D164D3976}"
EndProject
Global
	GlobalSection(SolutionConfigurationPlatforms) = preSolution
		Ad-Hoc|Any CPU = Ad-Hoc|Any CPU
		Ad-Hoc|iPhone = Ad-Hoc|iPhone
		Ad-Hoc|iPhoneSimulator = Ad-Hoc|iPhoneSimulator
		AppStore|Any CPU = AppStore|Any CPU
		AppStore|iPhone = AppStore|iPhone
		AppStore|iPhoneSimulator = AppStore|iPhoneSimulator
		Debug|Any CPU = Debug|Any CPU
		Debug|iPhone = Debug|iPhone
		Debug|iPhoneSimulator = Debug|iPhoneSimulator
		Release|Any CPU = Release|Any CPU
		Release|iPhone = Release|iPhone
		Release|iPhoneSimulator = Release|iPhoneSimulator
	EndGlobalSection
	GlobalSection(ProjectConfigurationPlatforms) = postSolution
		{498F2323-6A31-447F-93FF-BB18A5159060}.Ad-Hoc|Any CPU.ActiveCfg = Release|Any CPU
		{498F2323-6A31-447F-93FF-BB18A5159060}.Ad-Hoc|Any CPU.Build.0 = Release|Any CPU
		{498F2323-6A31-447F-93FF-BB18A5159060}.Ad-Hoc|Any CPU.Deploy.0 = Release|Any CPU
		{498F2323-6A31-447F-93FF-BB18A5159060}.Ad-Hoc|iPhone.ActiveCfg = Release|Any CPU
		{498F2323-6A31-447F-93FF-BB18A5159060}.Ad-Hoc|iPhone.Build.0 = Release|Any CPU
		{498F2323-6A31-447F-93FF-BB18A5159060}.Ad-Hoc|iPhone.Deploy.0 = Release|Any CPU
		{498F2323-6A31-447F-93FF-BB18A5159060}.Ad-Hoc|iPhoneSimulator.ActiveCfg = Release|Any CPU
		{498F2323-6A31-447F-93FF-BB18A5159060}.Ad-Hoc|iPhoneSimulator.Build.0 = Release|Any CPU
		{498F2323-6A31-447F-93FF-BB18A5159060}.Ad-Hoc|iPhoneSimulator.Deploy.0 = Release|Any CPU
		{498F2323-6A31-447F-93FF-BB18A5159060}.AppStore|Any CPU.ActiveCfg = Release|Any CPU
		{498F2323-6A31-447F-93FF-BB18A5159060}.AppStore|Any CPU.Build.0 = Release|Any CPU
		{498F2323-6A31-447F-93FF-BB18A5159060}.AppStore|Any CPU.Deploy.0 = Release|Any CPU
		{498F2323-6A31-447F-93FF-BB18A5159060}.AppStore|iPhone.ActiveCfg = Release|Any CPU
		{498F2323-6A31-447F-93FF-BB18A5159060}.AppStore|iPhone.Build.0 = Release|Any CPU
		{498F2323-6A31-447F-93FF-BB18A5159060}.AppStore|iPhone.Deploy.0 = Release|Any CPU
		{498F2323-6A31-447F-93FF-BB18A5159060}.AppStore|iPhoneSimulator.ActiveCfg = Release|Any CPU
		{498F2323-6A31-447F-93FF-BB18A5159060}.AppStore|iPhoneSimulator.Build.0 = Release|Any CPU
		{498F2323-6A31-447F-93FF-BB18A5159060}.AppStore|iPhoneSimulator.Deploy.0 = Release|Any CPU
		{498F2323-6A31-447F-93FF-BB18A5159060}.Debug|Any CPU.ActiveCfg = Debug|Any CPU
		{498F2323-6A31-447F-93FF-BB18A5159060}.Debug|Any CPU.Build.0 = Debug|Any CPU
		{498F2323-6A31-447F-93FF-BB18A5159060}.Debug|Any CPU.Deploy.0 = Debug|Any CPU
		{498F2323-6A31-447F-93FF-BB18A5159060}.Debug|iPhone.ActiveCfg = Debug|Any CPU
		{498F2323-6A31-447F-93FF-BB18A5159060}.Debug|iPhone.Build.0 = Debug|Any CPU
		{498F2323-6A31-447F-93FF-BB18A5159060}.Debug|iPhone.Deploy.0 = Debug|Any CPU
		{498F2323-6A31-447F-93FF-BB18A5159060}.Debug|iPhoneSimulator.ActiveCfg = Debug|Any CPU
		{498F2323-6A31-447F-93FF-BB18A5159060}.Debug|iPhoneSimulator.Build.0 = Debug|Any CPU
		{498F2323-6A31-447F-93FF-BB18A5159060}.Debug|iPhoneSimulator.Deploy.0 = Debug|Any CPU
		{498F2323-6A31-447F-93FF-BB18A5159060}.Release|Any CPU.ActiveCfg = Release|Any CPU
		{498F2323-6A31-447F-93FF-BB18A5159060}.Release|Any CPU.Build.0 = Release|Any CPU
		{498F2323-6A31-447F-93FF-BB18A5159060}.Release|Any CPU.Deploy.0 = Release|Any CPU
		{498F2323-6A31-447F-93FF-BB18A5159060}.Release|iPhone.ActiveCfg = Release|Any CPU
		{498F2323-6A31-447F-93FF-BB18A5159060}.Release|iPhone.Build.0 = Release|Any CPU
		{498F2323-6A31-447F-93FF-BB18A5159060}.Release|iPhone.Deploy.0 = Release|Any CPU
		{498F2323-6A31-447F-93FF-BB18A5159060}.Release|iPhoneSimulator.ActiveCfg = Release|Any CPU
		{498F2323-6A31-447F-93FF-BB18A5159060}.Release|iPhoneSimulator.Build.0 = Release|Any CPU
		{498F2323-6A31-447F-93FF-BB18A5159060}.Release|iPhoneSimulator.Deploy.0 = Release|Any CPU
		{B4EE7EF5-FD0B-4DED-9B1E-991EE8BAE9C1}.Ad-Hoc|Any CPU.ActiveCfg = Ad-Hoc|iPhone
		{B4EE7EF5-FD0B-4DED-9B1E-991EE8BAE9C1}.Ad-Hoc|Any CPU.Build.0 = Ad-Hoc|iPhone
		{B4EE7EF5-FD0B-4DED-9B1E-991EE8BAE9C1}.Ad-Hoc|Any CPU.Deploy.0 = Ad-Hoc|iPhone
		{B4EE7EF5-FD0B-4DED-9B1E-991EE8BAE9C1}.Ad-Hoc|iPhone.ActiveCfg = Ad-Hoc|iPhone
		{B4EE7EF5-FD0B-4DED-9B1E-991EE8BAE9C1}.Ad-Hoc|iPhone.Build.0 = Ad-Hoc|iPhone
		{B4EE7EF5-FD0B-4DED-9B1E-991EE8BAE9C1}.Ad-Hoc|iPhone.Deploy.0 = Ad-Hoc|iPhone
		{B4EE7EF5-FD0B-4DED-9B1E-991EE8BAE9C1}.Ad-Hoc|iPhoneSimulator.ActiveCfg = Ad-Hoc|iPhoneSimulator
		{B4EE7EF5-FD0B-4DED-9B1E-991EE8BAE9C1}.Ad-Hoc|iPhoneSimulator.Build.0 = Ad-Hoc|iPhoneSimulator
		{B4EE7EF5-FD0B-4DED-9B1E-991EE8BAE9C1}.Ad-Hoc|iPhoneSimulator.Deploy.0 = Ad-Hoc|iPhoneSimulator
		{B4EE7EF5-FD0B-4DED-9B1E-991EE8BAE9C1}.AppStore|Any CPU.ActiveCfg = AppStore|iPhone
		{B4EE7EF5-FD0B-4DED-9B1E-991EE8BAE9C1}.AppStore|Any CPU.Build.0 = AppStore|iPhone
		{B4EE7EF5-FD0B-4DED-9B1E-991EE8BAE9C1}.AppStore|Any CPU.Deploy.0 = AppStore|iPhone
		{B4EE7EF5-FD0B-4DED-9B1E-991EE8BAE9C1}.AppStore|iPhone.ActiveCfg = AppStore|iPhone
		{B4EE7EF5-FD0B-4DED-9B1E-991EE8BAE9C1}.AppStore|iPhone.Build.0 = AppStore|iPhone
		{B4EE7EF5-FD0B-4DED-9B1E-991EE8BAE9C1}.AppStore|iPhone.Deploy.0 = AppStore|iPhone
		{B4EE7EF5-FD0B-4DED-9B1E-991EE8BAE9C1}.AppStore|iPhoneSimulator.ActiveCfg = AppStore|iPhoneSimulator
		{B4EE7EF5-FD0B-4DED-9B1E-991EE8BAE9C1}.AppStore|iPhoneSimulator.Build.0 = AppStore|iPhoneSimulator
		{B4EE7EF5-FD0B-4DED-9B1E-991EE8BAE9C1}.AppStore|iPhoneSimulator.Deploy.0 = AppStore|iPhoneSimulator
		{B4EE7EF5-FD0B-4DED-9B1E-991EE8BAE9C1}.Debug|Any CPU.ActiveCfg = Debug|iPhoneSimulator
		{B4EE7EF5-FD0B-4DED-9B1E-991EE8BAE9C1}.Debug|Any CPU.Build.0 = Debug|iPhoneSimulator
		{B4EE7EF5-FD0B-4DED-9B1E-991EE8BAE9C1}.Debug|Any CPU.Deploy.0 = Debug|iPhoneSimulator
		{B4EE7EF5-FD0B-4DED-9B1E-991EE8BAE9C1}.Debug|iPhone.ActiveCfg = Debug|iPhone
		{B4EE7EF5-FD0B-4DED-9B1E-991EE8BAE9C1}.Debug|iPhone.Build.0 = Debug|iPhone
		{B4EE7EF5-FD0B-4DED-9B1E-991EE8BAE9C1}.Debug|iPhone.Deploy.0 = Debug|iPhone
		{B4EE7EF5-FD0B-4DED-9B1E-991EE8BAE9C1}.Debug|iPhoneSimulator.ActiveCfg = Debug|iPhoneSimulator
		{B4EE7EF5-FD0B-4DED-9B1E-991EE8BAE9C1}.Debug|iPhoneSimulator.Build.0 = Debug|iPhoneSimulator
		{B4EE7EF5-FD0B-4DED-9B1E-991EE8BAE9C1}.Debug|iPhoneSimulator.Deploy.0 = Debug|iPhoneSimulator
		{B4EE7EF5-FD0B-4DED-9B1E-991EE8BAE9C1}.Release|Any CPU.ActiveCfg = Release|iPhone
		{B4EE7EF5-FD0B-4DED-9B1E-991EE8BAE9C1}.Release|Any CPU.Build.0 = Release|iPhone
		{B4EE7EF5-FD0B-4DED-9B1E-991EE8BAE9C1}.Release|Any CPU.Deploy.0 = Release|iPhone
		{B4EE7EF5-FD0B-4DED-9B1E-991EE8BAE9C1}.Release|iPhone.ActiveCfg = Release|iPhone
		{B4EE7EF5-FD0B-4DED-9B1E-991EE8BAE9C1}.Release|iPhone.Build.0 = Release|iPhone
		{B4EE7EF5-FD0B-4DED-9B1E-991EE8BAE9C1}.Release|iPhone.Deploy.0 = Release|iPhone
		{B4EE7EF5-FD0B-4DED-9B1E-991EE8BAE9C1}.Release|iPhoneSimulator.ActiveCfg = Release|iPhoneSimulator
		{B4EE7EF5-FD0B-4DED-9B1E-991EE8BAE9C1}.Release|iPhoneSimulator.Build.0 = Release|iPhoneSimulator
		{B4EE7EF5-FD0B-4DED-9B1E-991EE8BAE9C1}.Release|iPhoneSimulator.Deploy.0 = Release|iPhoneSimulator
		{B356D90D-6927-4446-A8C2-8F7D164D3976}.Ad-Hoc|Any CPU.ActiveCfg = Debug|Any CPU
		{B356D90D-6927-4446-A8C2-8F7D164D3976}.Ad-Hoc|Any CPU.Build.0 = Debug|Any CPU
		{B356D90D-6927-4446-A8C2-8F7D164D3976}.Ad-Hoc|Any CPU.Deploy.0 = Debug|Any CPU
		{B356D90D-6927-4446-A8C2-8F7D164D3976}.Ad-Hoc|iPhone.ActiveCfg = Debug|Any CPU
		{B356D90D-6927-4446-A8C2-8F7D164D3976}.Ad-Hoc|iPhone.Build.0 = Debug|Any CPU
		{B356D90D-6927-4446-A8C2-8F7D164D3976}.Ad-Hoc|iPhone.Deploy.0 = Debug|Any CPU
		{B356D90D-6927-4446-A8C2-8F7D164D3976}.Ad-Hoc|iPhoneSimulator.ActiveCfg = Debug|Any CPU
		{B356D90D-6927-4446-A8C2-8F7D164D3976}.Ad-Hoc|iPhoneSimulator.Build.0 = Debug|Any CPU
		{B356D90D-6927-4446-A8C2-8F7D164D3976}.Ad-Hoc|iPhoneSimulator.Deploy.0 = Debug|Any CPU
		{B356D90D-6927-4446-A8C2-8F7D164D3976}.AppStore|Any CPU.ActiveCfg = Debug|Any CPU
		{B356D90D-6927-4446-A8C2-8F7D164D3976}.AppStore|Any CPU.Build.0 = Debug|Any CPU
		{B356D90D-6927-4446-A8C2-8F7D164D3976}.AppStore|Any CPU.Deploy.0 = Debug|Any CPU
		{B356D90D-6927-4446-A8C2-8F7D164D3976}.AppStore|iPhone.ActiveCfg = Debug|Any CPU
		{B356D90D-6927-4446-A8C2-8F7D164D3976}.AppStore|iPhone.Build.0 = Debug|Any CPU
		{B356D90D-6927-4446-A8C2-8F7D164D3976}.AppStore|iPhone.Deploy.0 = Debug|Any CPU
		{B356D90D-6927-4446-A8C2-8F7D164D3976}.AppStore|iPhoneSimulator.ActiveCfg = Debug|Any CPU
		{B356D90D-6927-4446-A8C2-8F7D164D3976}.AppStore|iPhoneSimulator.Build.0 = Debug|Any CPU
		{B356D90D-6927-4446-A8C2-8F7D164D3976}.AppStore|iPhoneSimulator.Deploy.0 = Debug|Any CPU
		{B356D90D-6927-4446-A8C2-8F7D164D3976}.Debug|Any CPU.ActiveCfg = Debug|Any CPU
		{B356D90D-6927-4446-A8C2-8F7D164D3976}.Debug|Any CPU.Build.0 = Debug|Any CPU
		{B356D90D-6927-4446-A8C2-8F7D164D3976}.Debug|Any CPU.Deploy.0 = Debug|Any CPU
		{B356D90D-6927-4446-A8C2-8F7D164D3976}.Debug|iPhone.ActiveCfg = Debug|Any CPU
		{B356D90D-6927-4446-A8C2-8F7D164D3976}.Debug|iPhone.Build.0 = Debug|Any CPU
		{B356D90D-6927-4446-A8C2-8F7D164D3976}.Debug|iPhone.Deploy.0 = Debug|Any CPU
		{B356D90D-6927-4446-A8C2-8F7D164D3976}.Debug|iPhoneSimulator.ActiveCfg = Debug|Any CPU
		{B356D90D-6927-4446-A8C2-8F7D164D3976}.Debug|iPhoneSimulator.Build.0 = Debug|Any CPU
		{B356D90D-6927-4446-A8C2-8F7D164D3976}.Debug|iPhoneSimulator.Deploy.0 = Debug|Any CPU
		{B356D90D-6927-4446-A8C2-8F7D164D3976}.Release|Any CPU.ActiveCfg = Release|Any CPU
		{B356D90D-6927-4446-A8C2-8F7D164D3976}.Release|Any CPU.Build.0 = Release|Any CPU
		{B356D90D-6927-4446-A8C2-8F7D164D3976}.Release|Any CPU.Deploy.0 = Release|Any CPU
		{B356D90D-6927-4446-A8C2-8F7D164D3976}.Release|iPhone.ActiveCfg = Release|Any CPU
		{B356D90D-6927-4446-A8C2-8F7D164D3976}.Release|iPhone.Build.0 = Release|Any CPU
		{B356D90D-6927-4446-A8C2-8F7D164D3976}.Release|iPhone.Deploy.0 = Release|Any CPU
		{B356D90D-6927-4446-A8C2-8F7D164D3976}.Release|iPhoneSimulator.ActiveCfg = Release|Any CPU
		{B356D90D-6927-4446-A8C2-8F7D164D3976}.Release|iPhoneSimulator.Build.0 = Release|Any CPU
		{B356D90D-6927-4446-A8C2-8F7D164D3976}.Release|iPhoneSimulator.Deploy.0 = Release|Any CPU
	EndGlobalSection
	GlobalSection(SolutionProperties) = preSolution
		HideSolutionNode = FALSE
	EndGlobalSection
	GlobalSection(ExtensibilityGlobals) = postSolution
		SolutionGuid = {3D3E0D67-430B-4D6D-BF57-5A90D8AE07E5}
	EndGlobalSection
EndGlobal
